{
  "version": 4,
  "terraform_version": "1.10.3",
  "serial": 25,
  "lineage": "7ef45a16-e0e7-194d-0789-a7debdec2bbc",
  "outputs": {},
  "resources": [
    {
      "mode": "managed",
      "type": "aws_iam_user",
      "name": "test",
      "provider": "provider[\"registry.terraform.io/hashicorp/aws\"]",
      "instances": [
        {
          "index_key": 0,
          "schema_version": 0,
          "attributes": {
            "arn": "arn:aws:iam::533267299375:user/dev1",
            "force_destroy": false,
            "id": "dev1",
            "name": "dev1",
            "path": "/",
            "permissions_boundary": "",
            "tags": {},
            "tags_all": {},
            "unique_id": "AIDAXYKJVHQXWF3S4ZKRC"
          },
          "sensitive_attributes": [],
          "private": "bnVsbA=="
        },
        {
          "index_key": 1,
          "schema_version": 0,
          "attributes": {
            "arn": "arn:aws:iam::533267299375:user/dev2",
            "force_destroy": false,
            "id": "dev2",
            "name": "dev2",
            "path": "/",
            "permissions_boundary": "",
            "tags": {},
            "tags_all": {},
            "unique_id": "AIDAXYKJVHQX4MGIPQKHN"
          },
          "sensitive_attributes": [],
          "private": "bnVsbA=="
        },
        {
          "index_key": 2,
          "schema_version": 0,
          "attributes": {
            "arn": "arn:aws:iam::533267299375:user/dev3",
            "force_destroy": false,
            "id": "dev3",
            "name": "dev3",
            "path": "/",
            "permissions_boundary": "",
            "tags": {},
            "tags_all": {},
            "unique_id": "AIDAXYKJVHQXXHSKH6VWQ"
          },
          "sensitive_attributes": [],
          "private": "bnVsbA=="
        }
      ]
    }
  ],
  "check_results": null
}
